
Microsoft Visual Studio Solution File, Format Version 12.00
# Visual Studio Version 16
VisualStudioVersion = 16.0.30011.22
MinimumVisualStudioVersion = 10.0.40219.1
Project("{FAE04EC0-301F-11D3-BF4B-00C04F79EFBC}") = "ConsoleEShop", "ConsoleEShop.csproj", "{49708489-3E09-42E3-BC76-A66EF350B31B}"
EndProject
Project("{FAE04EC0-301F-11D3-BF4B-00C04F79EFBC}") = "ConsoleApp1", "..\ConsoleApp1\ConsoleApp1.csproj", "{9605F35F-901C-490B-ACB0-5084E1EE227E}"
EndProject
Global
	GlobalSection(SolutionConfigurationPlatforms) = preSolution
		Debug|Any CPU = Debug|Any CPU
		Release|Any CPU = Release|Any CPU
	EndGlobalSection
	GlobalSection(ProjectConfigurationPlatforms) = postSolution
		{49708489-3E09-42E3-BC76-A66EF350B31B}.Debug|Any CPU.ActiveCfg = Debug|Any CPU
		{49708489-3E09-42E3-BC76-A66EF350B31B}.Debug|Any CPU.Build.0 = Debug|Any CPU
		{49708489-3E09-42E3-BC76-A66EF350B31B}.Release|Any CPU.ActiveCfg = Release|Any CPU
		{49708489-3E09-42E3-BC76-A66EF350B31B}.Release|Any CPU.Build.0 = Release|Any CPU
		{9605F35F-901C-490B-ACB0-5084E1EE227E}.Debug|Any CPU.ActiveCfg = Debug|Any CPU
		{9605F35F-901C-490B-ACB0-5084E1EE227E}.Debug|Any CPU.Build.0 = Debug|Any CPU
		{9605F35F-901C-490B-ACB0-5084E1EE227E}.Release|Any CPU.ActiveCfg = Release|Any CPU
		{9605F35F-901C-490B-ACB0-5084E1EE227E}.Release|Any CPU.Build.0 = Release|Any CPU
	EndGlobalSection
	GlobalSection(SolutionProperties) = preSolution
		HideSolutionNode = FALSE
	EndGlobalSection
	GlobalSection(ExtensibilityGlobals) = postSolution
		SolutionGuid = {B622CAB3-B936-43EB-B165-5C27997DC9BA}
	EndGlobalSection
EndGlobal
